
Microsoft Visual Studio Solution File, Format Version 12.00
# Visual Studio Version 16
VisualStudioVersion = 16.0.31112.23
MinimumVisualStudioVersion = 10.0.40219.1
Project("{2150E333-8FDC-42A3-9474-1A3956D46DE8}") = "ShopManagement", "ShopManagement", "{ADBB5934-CE99-45B3-A886-1D04C1030966}"
EndProject
Project("{2150E333-8FDC-42A3-9474-1A3956D46DE8}") = "SM.Domain", "SM.Domain", "{DAD77E17-0152-42AF-8B35-166D907AF59E}"
EndProject
Project("{9A19103F-16F7-4668-BE54-9A1E7A4F7556}") = "ShopManagement.Domain", "ShopManagement.Domain\ShopManagement.Domain.csproj", "{6BCEBEAD-454D-4BBF-94DD-F49BA7EA3B31}"
EndProject
Project("{9A19103F-16F7-4668-BE54-9A1E7A4F7556}") = "0_Framework", "0_Framework\0_Framework.csproj", "{F20DFF33-5F74-47D9-829D-43247586C1BE}"
EndProject
Project("{2150E333-8FDC-42A3-9474-1A3956D46DE8}") = "SM.Application", "SM.Application", "{C7DEB2CC-D550-4704-B558-CDB9B5CC9275}"
EndProject
Project("{9A19103F-16F7-4668-BE54-9A1E7A4F7556}") = "ShopManagement.Application.Contracts", "ShopManagement.Application.Contracts\ShopManagement.Application.Contracts.csproj", "{AD507E3E-1CA5-435A-97F4-7F449CE1C152}"
EndProject
Project("{9A19103F-16F7-4668-BE54-9A1E7A4F7556}") = "ShopManagement.Application", "ShopManagement.Application\ShopManagement.Application.csproj", "{13E7EC14-E83F-4202-AB25-4C4712A3C48B}"
EndProject
Project("{2150E333-8FDC-42A3-9474-1A3956D46DE8}") = "SM.Infrastructure", "SM.Infrastructure", "{EC375A25-ABB1-4E9E-B933-D0699DE981E2}"
EndProject
Project("{9A19103F-16F7-4668-BE54-9A1E7A4F7556}") = "ShopManagement.Infrastructure.EFCore", "ShopManagement.Infrastructure.EFCore\ShopManagement.Infrastructure.EFCore.csproj", "{E8628887-EED0-4A02-AE22-1B8658DF8325}"
EndProject
Project("{9A19103F-16F7-4668-BE54-9A1E7A4F7556}") = "ShopManagement.Configuration", "ShopManagement.Configuration\ShopManagement.Configuration.csproj", "{79619A1A-3D10-4828-B878-62CB06E5F3E2}"
EndProject
Project("{9A19103F-16F7-4668-BE54-9A1E7A4F7556}") = "ServiceHost", "ServiceHost\ServiceHost.csproj", "{98F30D1C-E64B-4F15-A16D-66D9F11EB7C0}"
EndProject
Project("{9A19103F-16F7-4668-BE54-9A1E7A4F7556}") = "01_LampshadeQuery", "01_LampshadeQuery\01_LampshadeQuery.csproj", "{A908C6BB-73CB-4F49-B3A7-48C627FB6B30}"
EndProject
Project("{2150E333-8FDC-42A3-9474-1A3956D46DE8}") = "DiscountManagement", "DiscountManagement", "{1EAEB86B-BB91-48CD-951C-A91BD98BE68B}"
EndProject
Project("{2150E333-8FDC-42A3-9474-1A3956D46DE8}") = "DM.Application", "DM.Application", "{AA8166FB-B455-4BA1-AC05-C1B1BAB689C5}"
EndProject
Project("{2150E333-8FDC-42A3-9474-1A3956D46DE8}") = "DM.Domain", "DM.Domain", "{EF010857-3694-421E-BF91-1650539F90E7}"
EndProject
Project("{2150E333-8FDC-42A3-9474-1A3956D46DE8}") = "DM.Infrastructure", "DM.Infrastructure", "{5505A7E4-92A8-41E7-BAA0-7913C413D5C4}"
EndProject
Project("{9A19103F-16F7-4668-BE54-9A1E7A4F7556}") = "DiscountManagement.Application", "DiscountManagement.Application\DiscountManagement.Application.csproj", "{E1F9E75D-70CA-4386-8BE8-381822C875E7}"
EndProject
Project("{9A19103F-16F7-4668-BE54-9A1E7A4F7556}") = "DiscountManagement.Application.Contract", "DiscountManagement.Application.Contract\DiscountManagement.Application.Contract.csproj", "{B9A75D9D-392C-4ECB-B64A-8AFF7306BD38}"
EndProject
Project("{9A19103F-16F7-4668-BE54-9A1E7A4F7556}") = "DiscountManagement.Domain", "DiscountManagement.Domain\DiscountManagement.Domain.csproj", "{11F9DBCF-1487-4AF3-964E-5408082E21DD}"
EndProject
Project("{9A19103F-16F7-4668-BE54-9A1E7A4F7556}") = "DiscountManagement.Configuration", "DiscountManagement.Configuration\DiscountManagement.Configuration.csproj", "{04A51820-E1A2-409B-8573-7807995391BC}"
EndProject
Project("{9A19103F-16F7-4668-BE54-9A1E7A4F7556}") = "DiscountManagement.Infrastructure.EFCore", "DiscountManagement.Infrastructure.EFCore\DiscountManagement.Infrastructure.EFCore.csproj", "{F56C080E-8C9C-407A-9047-7D2496128073}"
EndProject
Project("{2150E333-8FDC-42A3-9474-1A3956D46DE8}") = "InventoryManagement", "InventoryManagement", "{A7D16DCE-39CC-4E80-8A8E-A96739B14943}"
EndProject
Project("{2150E333-8FDC-42A3-9474-1A3956D46DE8}") = "IM.Domain", "IM.Domain", "{49003849-D3C0-4FE2-9A0C-193AD7D59531}"
EndProject
Project("{9A19103F-16F7-4668-BE54-9A1E7A4F7556}") = "InventoryManagement.Domain", "InventoryManagement.Domain\InventoryManagement.Domain.csproj", "{22890332-DA69-4A66-82A1-E3B285A789AA}"
EndProject
Project("{2150E333-8FDC-42A3-9474-1A3956D46DE8}") = "IM.Application", "IM.Application", "{D75A6D89-6E24-4558-AAD9-F523D7FDB871}"
EndProject
Project("{9A19103F-16F7-4668-BE54-9A1E7A4F7556}") = "InventoryManagement.Application.Contract", "InventoryManagement.Application.Contract\InventoryManagement.Application.Contract.csproj", "{2493AA97-281B-4FC2-92D3-CC7AFC9EDB38}"
EndProject
Project("{2150E333-8FDC-42A3-9474-1A3956D46DE8}") = "IM.Infrastructure", "IM.Infrastructure", "{53E2DA9E-BAB8-478F-83BC-96AE108688E8}"
EndProject
Project("{9A19103F-16F7-4668-BE54-9A1E7A4F7556}") = "InventoryManagement.Infrastructure.EFCore", "InventoryManagement.Infrastructure.EFCore\InventoryManagement.Infrastructure.EFCore.csproj", "{74E97DA3-F18B-46ED-8BAE-2A7D94162571}"
EndProject
Project("{9A19103F-16F7-4668-BE54-9A1E7A4F7556}") = "InventoryManagement.Infrastructure.Configuration", "InventoryManagement.Infrastructure.Configuration\InventoryManagement.Infrastructure.Configuration.csproj", "{B7558BBF-26EF-44CF-B195-D5651D3AC2C1}"
EndProject
Project("{9A19103F-16F7-4668-BE54-9A1E7A4F7556}") = "InventoryManagement.Application", "InventoyManagement.Application\InventoryManagement.Application.csproj", "{F9F3A398-5197-4399-A8AA-4A2474574A31}"
EndProject
Project("{2150E333-8FDC-42A3-9474-1A3956D46DE8}") = "BlogManagement", "BlogManagement", "{C9600AE5-A985-4D93-85F6-31CDA9BDB97F}"
EndProject
Project("{2150E333-8FDC-42A3-9474-1A3956D46DE8}") = "BM.Domain", "BM.Domain", "{A598C20D-E99F-4CB5-B0BB-54566F685CB9}"
EndProject
Project("{9A19103F-16F7-4668-BE54-9A1E7A4F7556}") = "BlogManagement.Domain", "BlogManagement.Domain\BlogManagement.Domain.csproj", "{697DD7FE-5A3C-44B8-A015-561D5A362A7D}"
EndProject
Project("{2150E333-8FDC-42A3-9474-1A3956D46DE8}") = "BM.Application", "BM.Application", "{000B753A-CA21-451A-942F-B8390AB3B41C}"
EndProject
Project("{9A19103F-16F7-4668-BE54-9A1E7A4F7556}") = "BlogManagement.Application.Contracts", "BlogManagement.Application.Contracts\BlogManagement.Application.Contracts.csproj", "{6DEC701F-7EA6-4119-93D6-7575522DEB11}"
EndProject
Project("{9A19103F-16F7-4668-BE54-9A1E7A4F7556}") = "BlogManagement.Application", "BlogManagement.Application\BlogManagement.Application.csproj", "{7838A9AD-56BE-449D-B760-CCAD06C86550}"
EndProject
Project("{2150E333-8FDC-42A3-9474-1A3956D46DE8}") = "BM.Infrastructure", "BM.Infrastructure", "{DCD33ABD-F8BE-46FF-BB88-1F7535801C30}"
EndProject
Project("{FAE04EC0-301F-11D3-BF4B-00C04F79EFBC}") = "BlogManagement.Infrastructure.EFCore", "BlogManagement.Infrastructure.EFCore\BlogManagement.Infrastructure.EFCore.csproj", "{7396B046-8A7F-47F9-9258-3983E4E574CF}"
EndProject
Project("{FAE04EC0-301F-11D3-BF4B-00C04F79EFBC}") = "BlogManagement.Infrastructure.Configuration", "BlogManagement.Infrastructure.Configuration\BlogManagement.Infrastructure.Configuration.csproj", "{67B56130-45F6-4E3B-8C6B-87279AB7FF63}"
EndProject
Global
	GlobalSection(SolutionConfigurationPlatforms) = preSolution
		Debug|Any CPU = Debug|Any CPU
		Release|Any CPU = Release|Any CPU
	EndGlobalSection
	GlobalSection(ProjectConfigurationPlatforms) = postSolution
		{6BCEBEAD-454D-4BBF-94DD-F49BA7EA3B31}.Debug|Any CPU.ActiveCfg = Debug|Any CPU
		{6BCEBEAD-454D-4BBF-94DD-F49BA7EA3B31}.Debug|Any CPU.Build.0 = Debug|Any CPU
		{6BCEBEAD-454D-4BBF-94DD-F49BA7EA3B31}.Release|Any CPU.ActiveCfg = Release|Any CPU
		{6BCEBEAD-454D-4BBF-94DD-F49BA7EA3B31}.Release|Any CPU.Build.0 = Release|Any CPU
		{F20DFF33-5F74-47D9-829D-43247586C1BE}.Debug|Any CPU.ActiveCfg = Debug|Any CPU
		{F20DFF33-5F74-47D9-829D-43247586C1BE}.Debug|Any CPU.Build.0 = Debug|Any CPU
		{F20DFF33-5F74-47D9-829D-43247586C1BE}.Release|Any CPU.ActiveCfg = Release|Any CPU
		{F20DFF33-5F74-47D9-829D-43247586C1BE}.Release|Any CPU.Build.0 = Release|Any CPU
		{AD507E3E-1CA5-435A-97F4-7F449CE1C152}.Debug|Any CPU.ActiveCfg = Debug|Any CPU
		{AD507E3E-1CA5-435A-97F4-7F449CE1C152}.Debug|Any CPU.Build.0 = Debug|Any CPU
		{AD507E3E-1CA5-435A-97F4-7F449CE1C152}.Release|Any CPU.ActiveCfg = Release|Any CPU
		{AD507E3E-1CA5-435A-97F4-7F449CE1C152}.Release|Any CPU.Build.0 = Release|Any CPU
		{13E7EC14-E83F-4202-AB25-4C4712A3C48B}.Debug|Any CPU.ActiveCfg = Debug|Any CPU
		{13E7EC14-E83F-4202-AB25-4C4712A3C48B}.Debug|Any CPU.Build.0 = Debug|Any CPU
		{13E7EC14-E83F-4202-AB25-4C4712A3C48B}.Release|Any CPU.ActiveCfg = Release|Any CPU
		{13E7EC14-E83F-4202-AB25-4C4712A3C48B}.Release|Any CPU.Build.0 = Release|Any CPU
		{E8628887-EED0-4A02-AE22-1B8658DF8325}.Debug|Any CPU.ActiveCfg = Debug|Any CPU
		{E8628887-EED0-4A02-AE22-1B8658DF8325}.Debug|Any CPU.Build.0 = Debug|Any CPU
		{E8628887-EED0-4A02-AE22-1B8658DF8325}.Release|Any CPU.ActiveCfg = Release|Any CPU
		{E8628887-EED0-4A02-AE22-1B8658DF8325}.Release|Any CPU.Build.0 = Release|Any CPU
		{79619A1A-3D10-4828-B878-62CB06E5F3E2}.Debug|Any CPU.ActiveCfg = Debug|Any CPU
		{79619A1A-3D10-4828-B878-62CB06E5F3E2}.Debug|Any CPU.Build.0 = Debug|Any CPU
		{79619A1A-3D10-4828-B878-62CB06E5F3E2}.Release|Any CPU.ActiveCfg = Release|Any CPU
		{79619A1A-3D10-4828-B878-62CB06E5F3E2}.Release|Any CPU.Build.0 = Release|Any CPU
		{98F30D1C-E64B-4F15-A16D-66D9F11EB7C0}.Debug|Any CPU.ActiveCfg = Debug|Any CPU
		{98F30D1C-E64B-4F15-A16D-66D9F11EB7C0}.Debug|Any CPU.Build.0 = Debug|Any CPU
		{98F30D1C-E64B-4F15-A16D-66D9F11EB7C0}.Release|Any CPU.ActiveCfg = Release|Any CPU
		{98F30D1C-E64B-4F15-A16D-66D9F11EB7C0}.Release|Any CPU.Build.0 = Release|Any CPU
		{A908C6BB-73CB-4F49-B3A7-48C627FB6B30}.Debug|Any CPU.ActiveCfg = Debug|Any CPU
		{A908C6BB-73CB-4F49-B3A7-48C627FB6B30}.Debug|Any CPU.Build.0 = Debug|Any CPU
		{A908C6BB-73CB-4F49-B3A7-48C627FB6B30}.Release|Any CPU.ActiveCfg = Release|Any CPU
		{A908C6BB-73CB-4F49-B3A7-48C627FB6B30}.Release|Any CPU.Build.0 = Release|Any CPU
		{E1F9E75D-70CA-4386-8BE8-381822C875E7}.Debug|Any CPU.ActiveCfg = Debug|Any CPU
		{E1F9E75D-70CA-4386-8BE8-381822C875E7}.Debug|Any CPU.Build.0 = Debug|Any CPU
		{E1F9E75D-70CA-4386-8BE8-381822C875E7}.Release|Any CPU.ActiveCfg = Release|Any CPU
		{E1F9E75D-70CA-4386-8BE8-381822C875E7}.Release|Any CPU.Build.0 = Release|Any CPU
		{B9A75D9D-392C-4ECB-B64A-8AFF7306BD38}.Debug|Any CPU.ActiveCfg = Debug|Any CPU
		{B9A75D9D-392C-4ECB-B64A-8AFF7306BD38}.Debug|Any CPU.Build.0 = Debug|Any CPU
		{B9A75D9D-392C-4ECB-B64A-8AFF7306BD38}.Release|Any CPU.ActiveCfg = Release|Any CPU
		{B9A75D9D-392C-4ECB-B64A-8AFF7306BD38}.Release|Any CPU.Build.0 = Release|Any CPU
		{11F9DBCF-1487-4AF3-964E-5408082E21DD}.Debug|Any CPU.ActiveCfg = Debug|Any CPU
		{11F9DBCF-1487-4AF3-964E-5408082E21DD}.Debug|Any CPU.Build.0 = Debug|Any CPU
		{11F9DBCF-1487-4AF3-964E-5408082E21DD}.Release|Any CPU.ActiveCfg = Release|Any CPU
		{11F9DBCF-1487-4AF3-964E-5408082E21DD}.Release|Any CPU.Build.0 = Release|Any CPU
		{04A51820-E1A2-409B-8573-7807995391BC}.Debug|Any CPU.ActiveCfg = Debug|Any CPU
		{04A51820-E1A2-409B-8573-7807995391BC}.Debug|Any CPU.Build.0 = Debug|Any CPU
		{04A51820-E1A2-409B-8573-7807995391BC}.Release|Any CPU.ActiveCfg = Release|Any CPU
		{04A51820-E1A2-409B-8573-7807995391BC}.Release|Any CPU.Build.0 = Release|Any CPU
		{F56C080E-8C9C-407A-9047-7D2496128073}.Debug|Any CPU.ActiveCfg = Debug|Any CPU
		{F56C080E-8C9C-407A-9047-7D2496128073}.Debug|Any CPU.Build.0 = Debug|Any CPU
		{F56C080E-8C9C-407A-9047-7D2496128073}.Release|Any CPU.ActiveCfg = Release|Any CPU
		{F56C080E-8C9C-407A-9047-7D2496128073}.Release|Any CPU.Build.0 = Release|Any CPU
		{22890332-DA69-4A66-82A1-E3B285A789AA}.Debug|Any CPU.ActiveCfg = Debug|Any CPU
		{22890332-DA69-4A66-82A1-E3B285A789AA}.Debug|Any CPU.Build.0 = Debug|Any CPU
		{22890332-DA69-4A66-82A1-E3B285A789AA}.Release|Any CPU.ActiveCfg = Release|Any CPU
		{22890332-DA69-4A66-82A1-E3B285A789AA}.Release|Any CPU.Build.0 = Release|Any CPU
		{2493AA97-281B-4FC2-92D3-CC7AFC9EDB38}.Debug|Any CPU.ActiveCfg = Debug|Any CPU
		{2493AA97-281B-4FC2-92D3-CC7AFC9EDB38}.Debug|Any CPU.Build.0 = Debug|Any CPU
		{2493AA97-281B-4FC2-92D3-CC7AFC9EDB38}.Release|Any CPU.ActiveCfg = Release|Any CPU
		{2493AA97-281B-4FC2-92D3-CC7AFC9EDB38}.Release|Any CPU.Build.0 = Release|Any CPU
		{74E97DA3-F18B-46ED-8BAE-2A7D94162571}.Debug|Any CPU.ActiveCfg = Debug|Any CPU
		{74E97DA3-F18B-46ED-8BAE-2A7D94162571}.Debug|Any CPU.Build.0 = Debug|Any CPU
		{74E97DA3-F18B-46ED-8BAE-2A7D94162571}.Release|Any CPU.ActiveCfg = Release|Any CPU
		{74E97DA3-F18B-46ED-8BAE-2A7D94162571}.Release|Any CPU.Build.0 = Release|Any CPU
		{B7558BBF-26EF-44CF-B195-D5651D3AC2C1}.Debug|Any CPU.ActiveCfg = Debug|Any CPU
		{B7558BBF-26EF-44CF-B195-D5651D3AC2C1}.Debug|Any CPU.Build.0 = Debug|Any CPU
		{B7558BBF-26EF-44CF-B195-D5651D3AC2C1}.Release|Any CPU.ActiveCfg = Release|Any CPU
		{B7558BBF-26EF-44CF-B195-D5651D3AC2C1}.Release|Any CPU.Build.0 = Release|Any CPU
		{F9F3A398-5197-4399-A8AA-4A2474574A31}.Debug|Any CPU.ActiveCfg = Debug|Any CPU
		{F9F3A398-5197-4399-A8AA-4A2474574A31}.Debug|Any CPU.Build.0 = Debug|Any CPU
		{F9F3A398-5197-4399-A8AA-4A2474574A31}.Release|Any CPU.ActiveCfg = Release|Any CPU
		{F9F3A398-5197-4399-A8AA-4A2474574A31}.Release|Any CPU.Build.0 = Release|Any CPU
		{697DD7FE-5A3C-44B8-A015-561D5A362A7D}.Debug|Any CPU.ActiveCfg = Debug|Any CPU
		{697DD7FE-5A3C-44B8-A015-561D5A362A7D}.Debug|Any CPU.Build.0 = Debug|Any CPU
		{697DD7FE-5A3C-44B8-A015-561D5A362A7D}.Release|Any CPU.ActiveCfg = Release|Any CPU
		{697DD7FE-5A3C-44B8-A015-561D5A362A7D}.Release|Any CPU.Build.0 = Release|Any CPU
		{6DEC701F-7EA6-4119-93D6-7575522DEB11}.Debug|Any CPU.ActiveCfg = Debug|Any CPU
		{6DEC701F-7EA6-4119-93D6-7575522DEB11}.Debug|Any CPU.Build.0 = Debug|Any CPU
		{6DEC701F-7EA6-4119-93D6-7575522DEB11}.Release|Any CPU.ActiveCfg = Release|Any CPU
		{6DEC701F-7EA6-4119-93D6-7575522DEB11}.Release|Any CPU.Build.0 = Release|Any CPU
		{7838A9AD-56BE-449D-B760-CCAD06C86550}.Debug|Any CPU.ActiveCfg = Debug|Any CPU
		{7838A9AD-56BE-449D-B760-CCAD06C86550}.Debug|Any CPU.Build.0 = Debug|Any CPU
		{7838A9AD-56BE-449D-B760-CCAD06C86550}.Release|Any CPU.ActiveCfg = Release|Any CPU
		{7838A9AD-56BE-449D-B760-CCAD06C86550}.Release|Any CPU.Build.0 = Release|Any CPU
		{7396B046-8A7F-47F9-9258-3983E4E574CF}.Debug|Any CPU.ActiveCfg = Debug|Any CPU
		{7396B046-8A7F-47F9-9258-3983E4E574CF}.Debug|Any CPU.Build.0 = Debug|Any CPU
		{7396B046-8A7F-47F9-9258-3983E4E574CF}.Release|Any CPU.ActiveCfg = Release|Any CPU
		{7396B046-8A7F-47F9-9258-3983E4E574CF}.Release|Any CPU.Build.0 = Release|Any CPU
		{67B56130-45F6-4E3B-8C6B-87279AB7FF63}.Debug|Any CPU.ActiveCfg = Debug|Any CPU
		{67B56130-45F6-4E3B-8C6B-87279AB7FF63}.Debug|Any CPU.Build.0 = Debug|Any CPU
		{67B56130-45F6-4E3B-8C6B-87279AB7FF63}.Release|Any CPU.ActiveCfg = Release|Any CPU
		{67B56130-45F6-4E3B-8C6B-87279AB7FF63}.Release|Any CPU.Build.0 = Release|Any CPU
	EndGlobalSection
	GlobalSection(SolutionProperties) = preSolution
		HideSolutionNode = FALSE
	EndGlobalSection
	GlobalSection(NestedProjects) = preSolution
		{DAD77E17-0152-42AF-8B35-166D907AF59E} = {ADBB5934-CE99-45B3-A886-1D04C1030966}
		{6BCEBEAD-454D-4BBF-94DD-F49BA7EA3B31} = {DAD77E17-0152-42AF-8B35-166D907AF59E}
		{C7DEB2CC-D550-4704-B558-CDB9B5CC9275} = {ADBB5934-CE99-45B3-A886-1D04C1030966}
		{AD507E3E-1CA5-435A-97F4-7F449CE1C152} = {C7DEB2CC-D550-4704-B558-CDB9B5CC9275}
		{13E7EC14-E83F-4202-AB25-4C4712A3C48B} = {C7DEB2CC-D550-4704-B558-CDB9B5CC9275}
		{EC375A25-ABB1-4E9E-B933-D0699DE981E2} = {ADBB5934-CE99-45B3-A886-1D04C1030966}
		{E8628887-EED0-4A02-AE22-1B8658DF8325} = {EC375A25-ABB1-4E9E-B933-D0699DE981E2}
		{79619A1A-3D10-4828-B878-62CB06E5F3E2} = {EC375A25-ABB1-4E9E-B933-D0699DE981E2}
		{AA8166FB-B455-4BA1-AC05-C1B1BAB689C5} = {1EAEB86B-BB91-48CD-951C-A91BD98BE68B}
		{EF010857-3694-421E-BF91-1650539F90E7} = {1EAEB86B-BB91-48CD-951C-A91BD98BE68B}
		{5505A7E4-92A8-41E7-BAA0-7913C413D5C4} = {1EAEB86B-BB91-48CD-951C-A91BD98BE68B}
		{E1F9E75D-70CA-4386-8BE8-381822C875E7} = {AA8166FB-B455-4BA1-AC05-C1B1BAB689C5}
		{B9A75D9D-392C-4ECB-B64A-8AFF7306BD38} = {AA8166FB-B455-4BA1-AC05-C1B1BAB689C5}
		{11F9DBCF-1487-4AF3-964E-5408082E21DD} = {EF010857-3694-421E-BF91-1650539F90E7}
		{04A51820-E1A2-409B-8573-7807995391BC} = {5505A7E4-92A8-41E7-BAA0-7913C413D5C4}
		{F56C080E-8C9C-407A-9047-7D2496128073} = {5505A7E4-92A8-41E7-BAA0-7913C413D5C4}
		{49003849-D3C0-4FE2-9A0C-193AD7D59531} = {A7D16DCE-39CC-4E80-8A8E-A96739B14943}
		{22890332-DA69-4A66-82A1-E3B285A789AA} = {49003849-D3C0-4FE2-9A0C-193AD7D59531}
		{D75A6D89-6E24-4558-AAD9-F523D7FDB871} = {A7D16DCE-39CC-4E80-8A8E-A96739B14943}
		{2493AA97-281B-4FC2-92D3-CC7AFC9EDB38} = {D75A6D89-6E24-4558-AAD9-F523D7FDB871}
		{53E2DA9E-BAB8-478F-83BC-96AE108688E8} = {A7D16DCE-39CC-4E80-8A8E-A96739B14943}
		{74E97DA3-F18B-46ED-8BAE-2A7D94162571} = {53E2DA9E-BAB8-478F-83BC-96AE108688E8}
		{B7558BBF-26EF-44CF-B195-D5651D3AC2C1} = {53E2DA9E-BAB8-478F-83BC-96AE108688E8}
		{F9F3A398-5197-4399-A8AA-4A2474574A31} = {D75A6D89-6E24-4558-AAD9-F523D7FDB871}
		{A598C20D-E99F-4CB5-B0BB-54566F685CB9} = {C9600AE5-A985-4D93-85F6-31CDA9BDB97F}
		{697DD7FE-5A3C-44B8-A015-561D5A362A7D} = {A598C20D-E99F-4CB5-B0BB-54566F685CB9}
		{000B753A-CA21-451A-942F-B8390AB3B41C} = {C9600AE5-A985-4D93-85F6-31CDA9BDB97F}
		{6DEC701F-7EA6-4119-93D6-7575522DEB11} = {000B753A-CA21-451A-942F-B8390AB3B41C}
		{7838A9AD-56BE-449D-B760-CCAD06C86550} = {000B753A-CA21-451A-942F-B8390AB3B41C}
		{DCD33ABD-F8BE-46FF-BB88-1F7535801C30} = {C9600AE5-A985-4D93-85F6-31CDA9BDB97F}
		{7396B046-8A7F-47F9-9258-3983E4E574CF} = {DCD33ABD-F8BE-46FF-BB88-1F7535801C30}
		{67B56130-45F6-4E3B-8C6B-87279AB7FF63} = {DCD33ABD-F8BE-46FF-BB88-1F7535801C30}
	EndGlobalSection
	GlobalSection(ExtensibilityGlobals) = postSolution
		SolutionGuid = {550DA528-D2EF-46B1-9C41-C1C7AC579D40}
	EndGlobalSection
EndGlobal
